// !$*UTF8*$!
{
	archiveVersion = 1;
	classes = {
	};
	objectVersion = 52;
	objects = {

/* Begin PBXBuildFile section */
		0207DA581B56EA530066E2B4 /* Images.xcassets in Resources */ = {isa = PBXBuildFile; fileRef = 0207DA571B56EA530066E2B4 /* Images.xcassets */; };
		1D3623260D0F684500981E51 /* AppDelegate.m in Sources */ = {isa = PBXBuildFile; fileRef = 1D3623250D0F684500981E51 /* AppDelegate.m */; };
		1D60589B0D05DD56006BFB54 /* main.m in Sources */ = {isa = PBXBuildFile; fileRef = 29B97316FDCFA39411CA2CEA /* main.m */; };
		301BF552109A68D80062928A /* libCordova.a in Frameworks */ = {isa = PBXBuildFile; fileRef = 301BF535109A57CC0062928A /* libCordova.a */; settings = {ATTRIBUTES = (Required, ); }; };
		302D95F114D2391D003F00A1 /* MainViewController.m in Sources */ = {isa = PBXBuildFile; fileRef = 302D95EF14D2391D003F00A1 /* MainViewController.m */; };
		302D95F214D2391D003F00A1 /* MainViewController.xib in Resources */ = {isa = PBXBuildFile; fileRef = 302D95F014D2391D003F00A1 /* MainViewController.xib */; };
		6AFF5BF91D6E424B00AB3073 /* CDVLaunchScreen.storyboard in Resources */ = {isa = PBXBuildFile; fileRef = 6AFF5BF81D6E424B00AB3073 /* CDVLaunchScreen.storyboard */; };
		9A96C5B55460455AAF21E1FC /* GoogleAppMeasurement.xcframework in Resources */ = {isa = PBXBuildFile; fileRef = C74BC47384264C97ABDAE7F8 /* GoogleAppMeasurement.xcframework */; };
		085B7A1213CC4F8390B7C8EB /* GoogleAppMeasurementIdentitySupport.xcframework in Resources */ = {isa = PBXBuildFile; fileRef = B3C2C2D271624063AEDB63C9 /* GoogleAppMeasurementIdentitySupport.xcframework */; };
		158F9337128B4426815A9AF4 /* GoogleMobileAds.xcframework in Resources */ = {isa = PBXBuildFile; fileRef = 21FCE3D1ABC94C9E85BEEBD6 /* GoogleMobileAds.xcframework */; };
		9EE29ED020664C38B2DF2CFA /* GoogleUtilities.xcframework in Resources */ = {isa = PBXBuildFile; fileRef = 29972B3E53194CB681D00F22 /* GoogleUtilities.xcframework */; };
		01335C0A4F4D479E9369F7B0 /* UserMessagingPlatform.xcframework in Resources */ = {isa = PBXBuildFile; fileRef = D4924EC5B8F84849B6AA44DD /* UserMessagingPlatform.xcframework */; };
		14DE41CA81E546ECBFEE8B47 /* PromisesObjC.xcframework in Resources */ = {isa = PBXBuildFile; fileRef = 31CB8146FF414D7D96F5FB44 /* PromisesObjC.xcframework */; };
		D4760A1D3747464DBDBD4FD2 /* nanopb.xcframework in Resources */ = {isa = PBXBuildFile; fileRef = 38F29CB1DBA943C5BE32D780 /* nanopb.xcframework */; };
		CD723731C62043F29BD5F442 /* libCordovaAd.a in Frameworks */ = {isa = PBXBuildFile; fileRef = DE12A7C728A945A8B3A97363 /* libCordovaAd.a */; };
		96EE025B7C2F4218811E4DAB /* CFNetwork.framework in Frameworks */ = {isa = PBXBuildFile; fileRef = 68B4D1EE57AC4D15B277CA05 /* CFNetwork.framework */; };
		18EF62D732484DEE855A0CF4 /* CDVAdMobPlugin.m in Sources */ = {isa = PBXBuildFile; fileRef = F671FE3257C940B089BFB058 /* CDVAdMobPlugin.m */; };
		532380BBA73F4E5C8D7DFA30 /* AdMobMediation.m in Sources */ = {isa = PBXBuildFile; fileRef = 906AD943E3304AEDBEE8E3FC /* AdMobMediation.m */; };
		C76647C3D0D940E382673ADA /* CDVNotification.m in Sources */ = {isa = PBXBuildFile; fileRef = 33EE50AAA73E4C60A55AB556 /* CDVNotification.m */; };
		C046D4625715456CA44B451F /* CDVNotification.bundle in Resources */ = {isa = PBXBuildFile; fileRef = 454B51B5E18A455DAD94BC7F /* CDVNotification.bundle */; };
		8F3623C6CD1E435C87F7DCBB /* AudioToolbox.framework in Frameworks */ = {isa = PBXBuildFile; fileRef = E504B6BD23024F2984796D3F /* AudioToolbox.framework */; settings = {ATTRIBUTES = (Weak, ); }; };
		5AB7DB0A127A4BD4882D5E50 /* NativeStorage.m in Sources */ = {isa = PBXBuildFile; fileRef = 9C6CC6902942435694AC65AB /* NativeStorage.m */; };
		0C7D5CD2210C49B1A403DCB0 /* CDVAppRate.m in Sources */ = {isa = PBXBuildFile; fileRef = 0D35CF576E3B4F0F8D7989F3 /* CDVAppRate.m */; };
		DCEB52E4F16948ED860267D2 /* StoreKit.framework in Frameworks */ = {isa = PBXBuildFile; fileRef = 067B477A8EDE46F7A6770F79 /* StoreKit.framework */; };
		861119534A5D4C0C80D51027 /* CDVDevice.m in Sources */ = {isa = PBXBuildFile; fileRef = 0CCD5A99AF544E1C888BA304 /* CDVDevice.m */; };
		4133B0469ABB4D61AAECD7C2 /* CDVLocation.m in Sources */ = {isa = PBXBuildFile; fileRef = 01AB2B273B6F491CA890995E /* CDVLocation.m */; };
		19F2C831AC0D4C97B9156465 /* CoreLocation.framework in Frameworks */ = {isa = PBXBuildFile; fileRef = B7DD128857AC4E64A351E44B /* CoreLocation.framework */; };
		84086CB3B74843E586FE707E /* IdfaPlugin.m in Sources */ = {isa = PBXBuildFile; fileRef = EEE5F3D4A87A41EC9F6529EF /* IdfaPlugin.m */; };
		39C4699C0C5C4096BA437D5C /* AdSupport.framework in Frameworks */ = {isa = PBXBuildFile; fileRef = AF5D8C7B2A8E4B4A85D05693 /* AdSupport.framework */; settings = {ATTRIBUTES = (Weak, ); }; };
		DF2E71C7CF3141A5AAA47D34 /* AppTrackingTransparency.framework in Frameworks */ = {isa = PBXBuildFile; fileRef = 1F55BCFBE548425A85CDDCDB /* AppTrackingTransparency.framework */; settings = {ATTRIBUTES = (Weak, ); }; };
		ECB561EA8FF54FCE9C1A67CA /* CDVInAppBrowserOptions.m in Sources */ = {isa = PBXBuildFile; fileRef = 148F04A2BBED49FBA71268DF /* CDVInAppBrowserOptions.m */; };
		CBBBD1292DDF4F27946B9527 /* CDVInAppBrowserNavigationController.m in Sources */ = {isa = PBXBuildFile; fileRef = A7F9A0591BF840B28520AEA6 /* CDVInAppBrowserNavigationController.m */; };
		E17AEC5C31B84EA890C9AEB5 /* CDVWKInAppBrowser.m in Sources */ = {isa = PBXBuildFile; fileRef = FC737A586FF8427FA0973B99 /* CDVWKInAppBrowser.m */; };
		B0F04274424347EC9A64575A /* CDVWKInAppBrowserUIDelegate.m in Sources */ = {isa = PBXBuildFile; fileRef = 556A3F5519F44EE5BC1EF004 /* CDVWKInAppBrowserUIDelegate.m */; };
		1877E6590D474D559164A7C8 /* CDVWKWebViewFileXhr.m in Sources */ = {isa = PBXBuildFile; fileRef = 5AADC54535B94822B19CC1EC /* CDVWKWebViewFileXhr.m */; };
		CB356CEE2DAC4D919A72B8C0 /* WebKit.framework in Frameworks */ = {isa = PBXBuildFile; fileRef = 4780A50D289C4291BFC231CD /* WebKit.framework */; settings = {ATTRIBUTES = (Weak, ); }; };
/* End PBXBuildFile section */

/* Begin PBXContainerItemProxy section */
		301BF534109A57CC0062928A /* PBXContainerItemProxy */ = {
			isa = PBXContainerItemProxy;
			containerPortal = 301BF52D109A57CC0062928A /* CordovaLib/CordovaLib.xcodeproj */;
			proxyType = 2;
			remoteGlobalIDString = D2AAC07E0554694100DB518D;
			remoteInfo = CordovaLib;
		};
		301BF550109A68C00062928A /* PBXContainerItemProxy */ = {
			isa = PBXContainerItemProxy;
			containerPortal = 301BF52D109A57CC0062928A /* CordovaLib/CordovaLib.xcodeproj */;
			proxyType = 1;
			remoteGlobalIDString = D2AAC07D0554694100DB518D;
			remoteInfo = CordovaLib;
		};
		907D8123214C687600058A10 /* PBXContainerItemProxy */ = {
			isa = PBXContainerItemProxy;
			containerPortal = 301BF52D109A57CC0062928A /* CordovaLib/CordovaLib.xcodeproj */;
			proxyType = 2;
			remoteGlobalIDString = C0C01EB21E3911D50056E6CB;
			remoteInfo = Cordova;
		};
/* End PBXContainerItemProxy section */

/* Begin PBXFileReference section */
		0207DA571B56EA530066E2B4 /* Images.xcassets */ = {isa = PBXFileReference; lastKnownFileType = folder.assetcatalog; name = Images.xcassets; path = "PSTA Bus Tracker/Images.xcassets"; sourceTree = SOURCE_ROOT; };
		1D3623240D0F684500981E51 /* AppDelegate.h */ = {isa = PBXFileReference; fileEncoding = 4; lastKnownFileType = sourcecode.c.h; path = AppDelegate.h; sourceTree = "<group>"; };
		1D3623250D0F684500981E51 /* AppDelegate.m */ = {isa = PBXFileReference; fileEncoding = 4; lastKnownFileType = sourcecode.c.objc; path = AppDelegate.m; sourceTree = "<group>"; };
		1D6058910D05DD3D006BFB54 /* PSTA Bus Tracker.app */ = {isa = PBXFileReference; explicitFileType = wrapper.application; includeInIndex = 0; path = "PSTA Bus Tracker.app"; sourceTree = BUILT_PRODUCTS_DIR; };
		29B97316FDCFA39411CA2CEA /* main.m */ = {isa = PBXFileReference; fileEncoding = 4; lastKnownFileType = sourcecode.c.objc; path = main.m; sourceTree = "<group>"; };
		301BF52D109A57CC0062928A /* CordovaLib/CordovaLib.xcodeproj */ = {isa = PBXFileReference; lastKnownFileType = "wrapper.pb-project"; name = CordovaLib.xcodeproj; path = CordovaLib/CordovaLib.xcodeproj; sourceTree = "<group>"; };
		301BF56E109A69640062928A /* www */ = {isa = PBXFileReference; lastKnownFileType = folder; path = www; sourceTree = SOURCE_ROOT; };
		302D95EE14D2391D003F00A1 /* MainViewController.h */ = {isa = PBXFileReference; fileEncoding = 4; lastKnownFileType = sourcecode.c.h; path = MainViewController.h; sourceTree = "<group>"; };
		302D95EF14D2391D003F00A1 /* MainViewController.m */ = {isa = PBXFileReference; fileEncoding = 4; lastKnownFileType = sourcecode.c.objc; path = MainViewController.m; sourceTree = "<group>"; };
		302D95F014D2391D003F00A1 /* MainViewController.xib */ = {isa = PBXFileReference; fileEncoding = 4; lastKnownFileType = file.xib; path = MainViewController.xib; sourceTree = "<group>"; };
		3047A50F1AB8059700498E2A /* build-debug.xcconfig */ = {isa = PBXFileReference; fileEncoding = 4; lastKnownFileType = text.xcconfig; name = "build-debug.xcconfig"; path = "cordova/build-debug.xcconfig"; sourceTree = SOURCE_ROOT; };
		3047A5101AB8059700498E2A /* build-release.xcconfig */ = {isa = PBXFileReference; fileEncoding = 4; lastKnownFileType = text.xcconfig; name = "build-release.xcconfig"; path = "cordova/build-release.xcconfig"; sourceTree = SOURCE_ROOT; };
		3047A5111AB8059700498E2A /* build.xcconfig */ = {isa = PBXFileReference; fileEncoding = 4; lastKnownFileType = text.xcconfig; name = build.xcconfig; path = cordova/build.xcconfig; sourceTree = SOURCE_ROOT; };
		32CA4F630368D1EE00C91783 /* PSTA Bus Tracker-Prefix.pch */ = {isa = PBXFileReference; fileEncoding = 4; lastKnownFileType = sourcecode.c.h; path = "PSTA Bus Tracker-Prefix.pch"; sourceTree = "<group>"; };
		6AFF5BF81D6E424B00AB3073 /* CDVLaunchScreen.storyboard */ = {isa = PBXFileReference; fileEncoding = 4; lastKnownFileType = file.storyboard; name = CDVLaunchScreen.storyboard; path = "PSTA Bus Tracker/CDVLaunchScreen.storyboard"; sourceTree = SOURCE_ROOT; };
		8D1107310486CEB800E47090 /* PSTA Bus Tracker-Info.plist */ = {isa = PBXFileReference; fileEncoding = 4; lastKnownFileType = text.plist.xml; name = "PSTA Bus Tracker-Info.plist"; path = "PSTA Bus Tracker/PSTA Bus Tracker-Info.plist"; plistStructureDefinitionIdentifier = "com.apple.xcode.plist.structure-definition.iphone.info-plist"; sourceTree = SOURCE_ROOT; };
		EB87FDF31871DA8E0020F90C /* www */ = {isa = PBXFileReference; lastKnownFileType = folder; name = www; path = ../../www; sourceTree = "<group>"; };
		EB87FDF41871DAF40020F90C /* config.xml */ = {isa = PBXFileReference; lastKnownFileType = text.xml; name = config.xml; path = ../../config.xml; sourceTree = "<group>"; };
		ED33DF2A687741AEAF9F8254 /* Bridging-Header.h */ = {isa = PBXFileReference; fileEncoding = 4; lastKnownFileType = sourcecode.c.h; path = "Bridging-Header.h"; sourceTree = "<group>"; };
		F840E1F0165FE0F500CFE078 /* config.xml */ = {isa = PBXFileReference; lastKnownFileType = text.xml; name = config.xml; path = "PSTA Bus Tracker/config.xml"; sourceTree = "<group>"; };
		C74BC47384264C97ABDAE7F8 /* GoogleAppMeasurement.xcframework */ = {isa = PBXFileReference; name = "GoogleAppMeasurement.xcframework"; path = "PSTA Bus Tracker/Plugins/cordova-admobsdk/GoogleAppMeasurement.xcframework"; sourceTree = "<group>"; fileEncoding = undefined; lastKnownFileType = unknown; explicitFileType = undefined; includeInIndex = 0; };
		B3C2C2D271624063AEDB63C9 /* GoogleAppMeasurementIdentitySupport.xcframework */ = {isa = PBXFileReference; name = "GoogleAppMeasurementIdentitySupport.xcframework"; path = "PSTA Bus Tracker/Plugins/cordova-admobsdk/GoogleAppMeasurementIdentitySupport.xcframework"; sourceTree = "<group>"; fileEncoding = undefined; lastKnownFileType = unknown; explicitFileType = undefined; includeInIndex = 0; };
		21FCE3D1ABC94C9E85BEEBD6 /* GoogleMobileAds.xcframework */ = {isa = PBXFileReference; name = "GoogleMobileAds.xcframework"; path = "PSTA Bus Tracker/Plugins/cordova-admobsdk/GoogleMobileAds.xcframework"; sourceTree = "<group>"; fileEncoding = undefined; lastKnownFileType = unknown; explicitFileType = undefined; includeInIndex = 0; };
		29972B3E53194CB681D00F22 /* GoogleUtilities.xcframework */ = {isa = PBXFileReference; name = "GoogleUtilities.xcframework"; path = "PSTA Bus Tracker/Plugins/cordova-admobsdk/GoogleUtilities.xcframework"; sourceTree = "<group>"; fileEncoding = undefined; lastKnownFileType = unknown; explicitFileType = undefined; includeInIndex = 0; };
		D4924EC5B8F84849B6AA44DD /* UserMessagingPlatform.xcframework */ = {isa = PBXFileReference; name = "UserMessagingPlatform.xcframework"; path = "PSTA Bus Tracker/Plugins/cordova-admobsdk/UserMessagingPlatform.xcframework"; sourceTree = "<group>"; fileEncoding = undefined; lastKnownFileType = unknown; explicitFileType = undefined; includeInIndex = 0; };
		31CB8146FF414D7D96F5FB44 /* PromisesObjC.xcframework */ = {isa = PBXFileReference; name = "PromisesObjC.xcframework"; path = "PSTA Bus Tracker/Plugins/cordova-admobsdk/PromisesObjC.xcframework"; sourceTree = "<group>"; fileEncoding = undefined; lastKnownFileType = unknown; explicitFileType = undefined; includeInIndex = 0; };
		38F29CB1DBA943C5BE32D780 /* nanopb.xcframework */ = {isa = PBXFileReference; name = "nanopb.xcframework"; path = "PSTA Bus Tracker/Plugins/cordova-admobsdk/nanopb.xcframework"; sourceTree = "<group>"; fileEncoding = undefined; lastKnownFileType = unknown; explicitFileType = undefined; includeInIndex = 0; };
		DE12A7C728A945A8B3A97363 /* libCordovaAd.a */ = {isa = PBXFileReference; name = "libCordovaAd.a"; path = "PSTA Bus Tracker/Plugins/cordova-plugin-extension/libCordovaAd.a"; sourceTree = "<group>"; fileEncoding = undefined; lastKnownFileType = archive.ar; explicitFileType = undefined; includeInIndex = 0; };
		B57BF9261D854620859216E4 /* PluginAdapterDelegate.h */ = {isa = PBXFileReference; name = "PluginAdapterDelegate.h"; path = "cordova-plugin-extension/PluginAdapterDelegate.h"; sourceTree = "<group>"; fileEncoding = 4; lastKnownFileType = sourcecode.c.h; explicitFileType = undefined; includeInIndex = 0; };
		10074FCEAFDD4F35946D8390 /* CDVPluginExt.h */ = {isa = PBXFileReference; name = "CDVPluginExt.h"; path = "cordova-plugin-extension/CDVPluginExt.h"; sourceTree = "<group>"; fileEncoding = 4; lastKnownFileType = sourcecode.c.h; explicitFileType = undefined; includeInIndex = 0; };
		3E78E83D8D95468498560957 /* GenericAdPlugin.h */ = {isa = PBXFileReference; name = "GenericAdPlugin.h"; path = "cordova-plugin-extension/GenericAdPlugin.h"; sourceTree = "<group>"; fileEncoding = 4; lastKnownFileType = sourcecode.c.h; explicitFileType = undefined; includeInIndex = 0; };
		68B4D1EE57AC4D15B277CA05 /* CFNetwork.framework */ = {isa = PBXFileReference; name = "CFNetwork.framework"; path = "System/Library/Frameworks/CFNetwork.framework"; sourceTree = SDKROOT; fileEncoding = undefined; lastKnownFileType = wrapper.framework; explicitFileType = undefined; includeInIndex = 0; };
		F671FE3257C940B089BFB058 /* CDVAdMobPlugin.m */ = {isa = PBXFileReference; name = "CDVAdMobPlugin.m"; path = "cordova-plugin-admobpro/CDVAdMobPlugin.m"; sourceTree = "<group>"; fileEncoding = 4; lastKnownFileType = sourcecode.c.objc; explicitFileType = undefined; includeInIndex = 0; };
		906AD943E3304AEDBEE8E3FC /* AdMobMediation.m */ = {isa = PBXFileReference; name = "AdMobMediation.m"; path = "cordova-plugin-admobpro/AdMobMediation.m"; sourceTree = "<group>"; fileEncoding = 4; lastKnownFileType = sourcecode.c.objc; explicitFileType = undefined; includeInIndex = 0; };
		1300C952A960485D9CFEB44A /* CDVAdMobPlugin.h */ = {isa = PBXFileReference; name = "CDVAdMobPlugin.h"; path = "cordova-plugin-admobpro/CDVAdMobPlugin.h"; sourceTree = "<group>"; fileEncoding = 4; lastKnownFileType = sourcecode.c.h; explicitFileType = undefined; includeInIndex = 0; };
		357D67CDF97A4FCE9E358FA8 /* AdMobMediation.h */ = {isa = PBXFileReference; name = "AdMobMediation.h"; path = "cordova-plugin-admobpro/AdMobMediation.h"; sourceTree = "<group>"; fileEncoding = 4; lastKnownFileType = sourcecode.c.h; explicitFileType = undefined; includeInIndex = 0; };
		33EE50AAA73E4C60A55AB556 /* CDVNotification.m */ = {isa = PBXFileReference; name = "CDVNotification.m"; path = "cordova-plugin-dialogs/CDVNotification.m"; sourceTree = "<group>"; fileEncoding = 4; lastKnownFileType = sourcecode.c.objc; explicitFileType = undefined; includeInIndex = 0; };
		66563387A9374F90957BEBD5 /* CDVNotification.h */ = {isa = PBXFileReference; name = "CDVNotification.h"; path = "cordova-plugin-dialogs/CDVNotification.h"; sourceTree = "<group>"; fileEncoding = 4; lastKnownFileType = sourcecode.c.h; explicitFileType = undefined; includeInIndex = 0; };
		454B51B5E18A455DAD94BC7F /* CDVNotification.bundle */ = {isa = PBXFileReference; name = "CDVNotification.bundle"; path = "CDVNotification.bundle"; sourceTree = "<group>"; fileEncoding = undefined; lastKnownFileType = wrapper.plug-in; explicitFileType = undefined; includeInIndex = 0; };
		E504B6BD23024F2984796D3F /* AudioToolbox.framework */ = {isa = PBXFileReference; name = "AudioToolbox.framework"; path = "System/Library/Frameworks/AudioToolbox.framework"; sourceTree = SDKROOT; fileEncoding = undefined; lastKnownFileType = wrapper.framework; explicitFileType = undefined; includeInIndex = 0; };
		9C6CC6902942435694AC65AB /* NativeStorage.m */ = {isa = PBXFileReference; name = "NativeStorage.m"; path = "cordova-plugin-nativestorage/NativeStorage.m"; sourceTree = "<group>"; fileEncoding = 4; lastKnownFileType = sourcecode.c.objc; explicitFileType = undefined; includeInIndex = 0; };
		F5A3A7A324B94A7EB7BAEA8A /* NativeStorage.h */ = {isa = PBXFileReference; name = "NativeStorage.h"; path = "cordova-plugin-nativestorage/NativeStorage.h"; sourceTree = "<group>"; fileEncoding = 4; lastKnownFileType = sourcecode.c.h; explicitFileType = undefined; includeInIndex = 0; };
		0D35CF576E3B4F0F8D7989F3 /* CDVAppRate.m */ = {isa = PBXFileReference; name = "CDVAppRate.m"; path = "cordova-plugin-apprate/CDVAppRate.m"; sourceTree = "<group>"; fileEncoding = 4; lastKnownFileType = sourcecode.c.objc; explicitFileType = undefined; includeInIndex = 0; };
		87B43353D8784DE5BC0E0B4E /* CDVAppRate.h */ = {isa = PBXFileReference; name = "CDVAppRate.h"; path = "cordova-plugin-apprate/CDVAppRate.h"; sourceTree = "<group>"; fileEncoding = 4; lastKnownFileType = sourcecode.c.h; explicitFileType = undefined; includeInIndex = 0; };
		067B477A8EDE46F7A6770F79 /* StoreKit.framework */ = {isa = PBXFileReference; name = "StoreKit.framework"; path = "System/Library/Frameworks/StoreKit.framework"; sourceTree = SDKROOT; fileEncoding = undefined; lastKnownFileType = wrapper.framework; explicitFileType = undefined; includeInIndex = 0; };
		0CCD5A99AF544E1C888BA304 /* CDVDevice.m */ = {isa = PBXFileReference; name = "CDVDevice.m"; path = "cordova-plugin-device/CDVDevice.m"; sourceTree = "<group>"; fileEncoding = 4; lastKnownFileType = sourcecode.c.objc; explicitFileType = undefined; includeInIndex = 0; };
		9CE2216D99274491B0F16A0D /* CDVDevice.h */ = {isa = PBXFileReference; name = "CDVDevice.h"; path = "cordova-plugin-device/CDVDevice.h"; sourceTree = "<group>"; fileEncoding = 4; lastKnownFileType = sourcecode.c.h; explicitFileType = undefined; includeInIndex = 0; };
		01AB2B273B6F491CA890995E /* CDVLocation.m */ = {isa = PBXFileReference; name = "CDVLocation.m"; path = "cordova-plugin-geolocation/CDVLocation.m"; sourceTree = "<group>"; fileEncoding = 4; lastKnownFileType = sourcecode.c.objc; explicitFileType = undefined; includeInIndex = 0; };
		09B0F758679E4BD3B624C73F /* CDVLocation.h */ = {isa = PBXFileReference; name = "CDVLocation.h"; path = "cordova-plugin-geolocation/CDVLocation.h"; sourceTree = "<group>"; fileEncoding = 4; lastKnownFileType = sourcecode.c.h; explicitFileType = undefined; includeInIndex = 0; };
		B7DD128857AC4E64A351E44B /* CoreLocation.framework */ = {isa = PBXFileReference; name = "CoreLocation.framework"; path = "System/Library/Frameworks/CoreLocation.framework"; sourceTree = SDKROOT; fileEncoding = undefined; lastKnownFileType = wrapper.framework; explicitFileType = undefined; includeInIndex = 0; };
		EEE5F3D4A87A41EC9F6529EF /* IdfaPlugin.m */ = {isa = PBXFileReference; name = "IdfaPlugin.m"; path = "cordova-plugin-idfa/IdfaPlugin.m"; sourceTree = "<group>"; fileEncoding = 4; lastKnownFileType = sourcecode.c.objc; explicitFileType = undefined; includeInIndex = 0; };
		53BD0DD5FE7C41C48B35B288 /* IdfaPlugin.h */ = {isa = PBXFileReference; name = "IdfaPlugin.h"; path = "cordova-plugin-idfa/IdfaPlugin.h"; sourceTree = "<group>"; fileEncoding = 4; lastKnownFileType = sourcecode.c.h; explicitFileType = undefined; includeInIndex = 0; };
		AF5D8C7B2A8E4B4A85D05693 /* AdSupport.framework */ = {isa = PBXFileReference; name = "AdSupport.framework"; path = "System/Library/Frameworks/AdSupport.framework"; sourceTree = SDKROOT; fileEncoding = undefined; lastKnownFileType = wrapper.framework; explicitFileType = undefined; includeInIndex = 0; };
		1F55BCFBE548425A85CDDCDB /* AppTrackingTransparency.framework */ = {isa = PBXFileReference; name = "AppTrackingTransparency.framework"; path = "System/Library/Frameworks/AppTrackingTransparency.framework"; sourceTree = SDKROOT; fileEncoding = undefined; lastKnownFileType = wrapper.framework; explicitFileType = undefined; includeInIndex = 0; };
		148F04A2BBED49FBA71268DF /* CDVInAppBrowserOptions.m */ = {isa = PBXFileReference; name = "CDVInAppBrowserOptions.m"; path = "cordova-plugin-inappbrowser/CDVInAppBrowserOptions.m"; sourceTree = "<group>"; fileEncoding = 4; lastKnownFileType = sourcecode.c.objc; explicitFileType = undefined; includeInIndex = 0; };
		A7F9A0591BF840B28520AEA6 /* CDVInAppBrowserNavigationController.m */ = {isa = PBXFileReference; name = "CDVInAppBrowserNavigationController.m"; path = "cordova-plugin-inappbrowser/CDVInAppBrowserNavigationController.m"; sourceTree = "<group>"; fileEncoding = 4; lastKnownFileType = sourcecode.c.objc; explicitFileType = undefined; includeInIndex = 0; };
		FC737A586FF8427FA0973B99 /* CDVWKInAppBrowser.m */ = {isa = PBXFileReference; name = "CDVWKInAppBrowser.m"; path = "cordova-plugin-inappbrowser/CDVWKInAppBrowser.m"; sourceTree = "<group>"; fileEncoding = 4; lastKnownFileType = sourcecode.c.objc; explicitFileType = undefined; includeInIndex = 0; };
		556A3F5519F44EE5BC1EF004 /* CDVWKInAppBrowserUIDelegate.m */ = {isa = PBXFileReference; name = "CDVWKInAppBrowserUIDelegate.m"; path = "cordova-plugin-inappbrowser/CDVWKInAppBrowserUIDelegate.m"; sourceTree = "<group>"; fileEncoding = 4; lastKnownFileType = sourcecode.c.objc; explicitFileType = undefined; includeInIndex = 0; };
		2A156565927D429EA9220183 /* CDVInAppBrowserOptions.h */ = {isa = PBXFileReference; name = "CDVInAppBrowserOptions.h"; path = "cordova-plugin-inappbrowser/CDVInAppBrowserOptions.h"; sourceTree = "<group>"; fileEncoding = 4; lastKnownFileType = sourcecode.c.h; explicitFileType = undefined; includeInIndex = 0; };
		EDD2FA7099444E11B38B1D20 /* CDVInAppBrowserNavigationController.h */ = {isa = PBXFileReference; name = "CDVInAppBrowserNavigationController.h"; path = "cordova-plugin-inappbrowser/CDVInAppBrowserNavigationController.h"; sourceTree = "<group>"; fileEncoding = 4; lastKnownFileType = sourcecode.c.h; explicitFileType = undefined; includeInIndex = 0; };
		1375FA1A584C46A090F7A3F7 /* CDVWKInAppBrowser.h */ = {isa = PBXFileReference; name = "CDVWKInAppBrowser.h"; path = "cordova-plugin-inappbrowser/CDVWKInAppBrowser.h"; sourceTree = "<group>"; fileEncoding = 4; lastKnownFileType = sourcecode.c.h; explicitFileType = undefined; includeInIndex = 0; };
		CD2FE675F63845CFB746F0B6 /* CDVWKInAppBrowserUIDelegate.h */ = {isa = PBXFileReference; name = "CDVWKInAppBrowserUIDelegate.h"; path = "cordova-plugin-inappbrowser/CDVWKInAppBrowserUIDelegate.h"; sourceTree = "<group>"; fileEncoding = 4; lastKnownFileType = sourcecode.c.h; explicitFileType = undefined; includeInIndex = 0; };
		5AADC54535B94822B19CC1EC /* CDVWKWebViewFileXhr.m */ = {isa = PBXFileReference; name = "CDVWKWebViewFileXhr.m"; path = "cordova-plugin-wkwebview-file-xhr/CDVWKWebViewFileXhr.m"; sourceTree = "<group>"; fileEncoding = 4; lastKnownFileType = sourcecode.c.objc; explicitFileType = undefined; includeInIndex = 0; };
		CD201C45AB224D239B05C770 /* CDVWKWebViewFileXhr.h */ = {isa = PBXFileReference; name = "CDVWKWebViewFileXhr.h"; path = "cordova-plugin-wkwebview-file-xhr/CDVWKWebViewFileXhr.h"; sourceTree = "<group>"; fileEncoding = 4; lastKnownFileType = sourcecode.c.h; explicitFileType = undefined; includeInIndex = 0; };
		4780A50D289C4291BFC231CD /* WebKit.framework */ = {isa = PBXFileReference; name = "WebKit.framework"; path = "System/Library/Frameworks/WebKit.framework"; sourceTree = SDKROOT; fileEncoding = undefined; lastKnownFileType = wrapper.framework; explicitFileType = undefined; includeInIndex = 0; };
/* End PBXFileReference section */

/* Begin PBXFrameworksBuildPhase section */
		1D60588F0D05DD3D006BFB54 /* Frameworks */ = {
			isa = PBXFrameworksBuildPhase;
			buildActionMask = 2147483647;
			files = (
				301BF552109A68D80062928A /* libCordova.a in Frameworks */,
				9A96C5B55460455AAF21E1FC /* GoogleAppMeasurement.xcframework in Resources */,
				085B7A1213CC4F8390B7C8EB /* GoogleAppMeasurementIdentitySupport.xcframework in Resources */,
				158F9337128B4426815A9AF4 /* GoogleMobileAds.xcframework in Resources */,
				9EE29ED020664C38B2DF2CFA /* GoogleUtilities.xcframework in Resources */,
				01335C0A4F4D479E9369F7B0 /* UserMessagingPlatform.xcframework in Resources */,
				14DE41CA81E546ECBFEE8B47 /* PromisesObjC.xcframework in Resources */,
				D4760A1D3747464DBDBD4FD2 /* nanopb.xcframework in Resources */,
				CD723731C62043F29BD5F442 /* libCordovaAd.a in Frameworks */,
				96EE025B7C2F4218811E4DAB /* CFNetwork.framework in Frameworks */,
				8F3623C6CD1E435C87F7DCBB /* AudioToolbox.framework in Frameworks */,
				DCEB52E4F16948ED860267D2 /* StoreKit.framework in Frameworks */,
				19F2C831AC0D4C97B9156465 /* CoreLocation.framework in Frameworks */,
				39C4699C0C5C4096BA437D5C /* AdSupport.framework in Frameworks */,
				DF2E71C7CF3141A5AAA47D34 /* AppTrackingTransparency.framework in Frameworks */,
				CB356CEE2DAC4D919A72B8C0 /* WebKit.framework in Frameworks */,
			);
			runOnlyForDeploymentPostprocessing = 0;
		};
/* End PBXFrameworksBuildPhase section */

/* Begin PBXGroup section */
		080E96DDFE201D6D7F000001 /* Classes */ = {
			isa = PBXGroup;
			children = (
				302D95EE14D2391D003F00A1 /* MainViewController.h */,
				302D95EF14D2391D003F00A1 /* MainViewController.m */,
				302D95F014D2391D003F00A1 /* MainViewController.xib */,
				1D3623240D0F684500981E51 /* AppDelegate.h */,
				1D3623250D0F684500981E51 /* AppDelegate.m */,
			);
			name = Classes;
			path = "PSTA Bus Tracker/Classes";
			sourceTree = SOURCE_ROOT;
		};
		19C28FACFE9D520D11CA2CBB /* Products */ = {
			isa = PBXGroup;
			children = (
				1D6058910D05DD3D006BFB54 /* PSTA Bus Tracker.app */,
			);
			name = Products;
			sourceTree = "<group>";
		};
		29B97314FDCFA39411CA2CEA /* CustomTemplate */ = {
			isa = PBXGroup;
			children = (
				EB87FDF41871DAF40020F90C /* config.xml */,
				EB87FDF31871DA8E0020F90C /* www */,
				EB87FDF11871DA420020F90C /* Staging */,
				301BF52D109A57CC0062928A /* CordovaLib/CordovaLib.xcodeproj */,
				080E96DDFE201D6D7F000001 /* Classes */,
				307C750510C5A3420062BCA9 /* Plugins */,
				29B97315FDCFA39411CA2CEA /* Other Sources */,
				29B97317FDCFA39411CA2CEA /* Resources */,
				29B97323FDCFA39411CA2CEA /* Frameworks */,
				19C28FACFE9D520D11CA2CBB /* Products */,
			);
			name = CustomTemplate;
			sourceTree = "<group>";
		};
		29B97315FDCFA39411CA2CEA /* Other Sources */ = {
			isa = PBXGroup;
			children = (
				32CA4F630368D1EE00C91783 /* PSTA Bus Tracker-Prefix.pch */,
				29B97316FDCFA39411CA2CEA /* main.m */,
				ED33DF2A687741AEAF9F8254 /* Bridging-Header.h */,
			);
			name = "Other Sources";
			path = "PSTA Bus Tracker";
			sourceTree = "<group>";
		};
		29B97317FDCFA39411CA2CEA /* Resources */ = {
			isa = PBXGroup;
			children = (
				0207DA571B56EA530066E2B4 /* Images.xcassets */,
				3047A50E1AB8057F00498E2A /* config */,
				8D1107310486CEB800E47090 /* PSTA Bus Tracker-Info.plist */,
				6AFF5BF81D6E424B00AB3073 /* CDVLaunchScreen.storyboard */,
				454B51B5E18A455DAD94BC7F /* CDVNotification.bundle */,
			);
			name = Resources;
			path = "PSTA Bus Tracker/Resources";
			sourceTree = "<group>";
		};
		29B97323FDCFA39411CA2CEA /* Frameworks */ = {
			isa = PBXGroup;
			children = (
				C74BC47384264C97ABDAE7F8 /* GoogleAppMeasurement.xcframework */,
				B3C2C2D271624063AEDB63C9 /* GoogleAppMeasurementIdentitySupport.xcframework */,
				21FCE3D1ABC94C9E85BEEBD6 /* GoogleMobileAds.xcframework */,
				29972B3E53194CB681D00F22 /* GoogleUtilities.xcframework */,
				D4924EC5B8F84849B6AA44DD /* UserMessagingPlatform.xcframework */,
				31CB8146FF414D7D96F5FB44 /* PromisesObjC.xcframework */,
				38F29CB1DBA943C5BE32D780 /* nanopb.xcframework */,
				DE12A7C728A945A8B3A97363 /* libCordovaAd.a */,
				68B4D1EE57AC4D15B277CA05 /* CFNetwork.framework */,
				E504B6BD23024F2984796D3F /* AudioToolbox.framework */,
				067B477A8EDE46F7A6770F79 /* StoreKit.framework */,
				B7DD128857AC4E64A351E44B /* CoreLocation.framework */,
				AF5D8C7B2A8E4B4A85D05693 /* AdSupport.framework */,
				1F55BCFBE548425A85CDDCDB /* AppTrackingTransparency.framework */,
				4780A50D289C4291BFC231CD /* WebKit.framework */,
			);
			name = Frameworks;
			sourceTree = "<group>";
		};
		301BF52E109A57CC0062928A /* Products */ = {
			isa = PBXGroup;
			children = (
				301BF535109A57CC0062928A /* libCordova.a */,
				907D8124214C687600058A10 /* Cordova.framework */,
			);
			name = Products;
			sourceTree = "<group>";
		};
		3047A50E1AB8057F00498E2A /* config */ = {
			isa = PBXGroup;
			children = (
				3047A50F1AB8059700498E2A /* build-debug.xcconfig */,
				3047A5101AB8059700498E2A /* build-release.xcconfig */,
				3047A5111AB8059700498E2A /* build.xcconfig */,
			);
			name = config;
			sourceTree = "<group>";
		};
		307C750510C5A3420062BCA9 /* Plugins */ = {
			isa = PBXGroup;
			children = (
				B57BF9261D854620859216E4 /* PluginAdapterDelegate.h */,
				10074FCEAFDD4F35946D8390 /* CDVPluginExt.h */,
				3E78E83D8D95468498560957 /* GenericAdPlugin.h */,
				F671FE3257C940B089BFB058 /* CDVAdMobPlugin.m */,
				906AD943E3304AEDBEE8E3FC /* AdMobMediation.m */,
				1300C952A960485D9CFEB44A /* CDVAdMobPlugin.h */,
				357D67CDF97A4FCE9E358FA8 /* AdMobMediation.h */,
				33EE50AAA73E4C60A55AB556 /* CDVNotification.m */,
				66563387A9374F90957BEBD5 /* CDVNotification.h */,
				9C6CC6902942435694AC65AB /* NativeStorage.m */,
				F5A3A7A324B94A7EB7BAEA8A /* NativeStorage.h */,
				0D35CF576E3B4F0F8D7989F3 /* CDVAppRate.m */,
				87B43353D8784DE5BC0E0B4E /* CDVAppRate.h */,
				0CCD5A99AF544E1C888BA304 /* CDVDevice.m */,
				9CE2216D99274491B0F16A0D /* CDVDevice.h */,
				01AB2B273B6F491CA890995E /* CDVLocation.m */,
				09B0F758679E4BD3B624C73F /* CDVLocation.h */,
				EEE5F3D4A87A41EC9F6529EF /* IdfaPlugin.m */,
				53BD0DD5FE7C41C48B35B288 /* IdfaPlugin.h */,
				148F04A2BBED49FBA71268DF /* CDVInAppBrowserOptions.m */,
				A7F9A0591BF840B28520AEA6 /* CDVInAppBrowserNavigationController.m */,
				FC737A586FF8427FA0973B99 /* CDVWKInAppBrowser.m */,
				556A3F5519F44EE5BC1EF004 /* CDVWKInAppBrowserUIDelegate.m */,
				2A156565927D429EA9220183 /* CDVInAppBrowserOptions.h */,
				EDD2FA7099444E11B38B1D20 /* CDVInAppBrowserNavigationController.h */,
				1375FA1A584C46A090F7A3F7 /* CDVWKInAppBrowser.h */,
				CD2FE675F63845CFB746F0B6 /* CDVWKInAppBrowserUIDelegate.h */,
				5AADC54535B94822B19CC1EC /* CDVWKWebViewFileXhr.m */,
				CD201C45AB224D239B05C770 /* CDVWKWebViewFileXhr.h */,
			);
			name = Plugins;
			path = "PSTA Bus Tracker/Plugins";
			sourceTree = SOURCE_ROOT;
		};
		EB87FDF11871DA420020F90C /* Staging */ = {
			isa = PBXGroup;
			children = (
				F840E1F0165FE0F500CFE078 /* config.xml */,
				301BF56E109A69640062928A /* www */,
			);
			name = Staging;
			sourceTree = "<group>";
		};
/* End PBXGroup section */

/* Begin PBXNativeTarget section */
		1D6058900D05DD3D006BFB54 /* PSTA Bus Tracker */ = {
			isa = PBXNativeTarget;
			buildConfigurationList = 1D6058960D05DD3E006BFB54 /* Build configuration list for PBXNativeTarget "PSTA Bus Tracker" */;
			buildPhases = (
				304B58A110DAC018002A0835 /* Copy www directory */,
				1D60588D0D05DD3D006BFB54 /* Resources */,
				1D60588E0D05DD3D006BFB54 /* Sources */,
				1D60588F0D05DD3D006BFB54 /* Frameworks */,
			);
			buildRules = (
			);
			dependencies = (
				301BF551109A68C00062928A /* PBXTargetDependency */,
			);
			name = "PSTA Bus Tracker";
			productName = "PSTA Bus Tracker";
			productReference = 1D6058910D05DD3D006BFB54 /* PSTA Bus Tracker.app */;
			productType = "com.apple.product-type.application";
		};
/* End PBXNativeTarget section */

/* Begin PBXProject section */
		29B97313FDCFA39411CA2CEA /* Project object */ = {
			isa = PBXProject;
			attributes = {
				LastUpgradeCheck = 1130;
				TargetAttributes = {
					1D6058900D05DD3D006BFB54 = {
						ProvisioningStyle = Automatic;
					};
				};
			};
			buildConfigurationList = C01FCF4E08A954540054247B /* Build configuration list for PBXProject "PSTA Bus Tracker" */;
			compatibilityVersion = "Xcode 11.0";
			developmentRegion = en;
			hasScannedForEncodings = 1;
			knownRegions = (
				en,
				Base,
			);
			mainGroup = 29B97314FDCFA39411CA2CEA /* CustomTemplate */;
			projectDirPath = "";
			projectReferences = (
				{
					ProductGroup = 301BF52E109A57CC0062928A /* Products */;
					ProjectRef = 301BF52D109A57CC0062928A /* CordovaLib/CordovaLib.xcodeproj */;
				},
			);
			projectRoot = "";
			targets = (
				1D6058900D05DD3D006BFB54 /* PSTA Bus Tracker */,
			);
		};
/* End PBXProject section */

/* Begin PBXReferenceProxy section */
		301BF535109A57CC0062928A /* libCordova.a */ = {
			isa = PBXReferenceProxy;
			fileType = archive.ar;
			path = libCordova.a;
			remoteRef = 301BF534109A57CC0062928A /* PBXContainerItemProxy */;
			sourceTree = BUILT_PRODUCTS_DIR;
		};
		907D8124214C687600058A10 /* Cordova.framework */ = {
			isa = PBXReferenceProxy;
			fileType = wrapper.framework;
			path = Cordova.framework;
			remoteRef = 907D8123214C687600058A10 /* PBXContainerItemProxy */;
			sourceTree = BUILT_PRODUCTS_DIR;
		};
/* End PBXReferenceProxy section */

/* Begin PBXResourcesBuildPhase section */
		1D60588D0D05DD3D006BFB54 /* Resources */ = {
			isa = PBXResourcesBuildPhase;
			buildActionMask = 2147483647;
			files = (
				302D95F214D2391D003F00A1 /* MainViewController.xib in Resources */,
				0207DA581B56EA530066E2B4 /* Images.xcassets in Resources */,
				6AFF5BF91D6E424B00AB3073 /* CDVLaunchScreen.storyboard in Resources */,
				C046D4625715456CA44B451F /* CDVNotification.bundle in Resources */,
			);
			runOnlyForDeploymentPostprocessing = 0;
		};
/* End PBXResourcesBuildPhase section */

/* Begin PBXShellScriptBuildPhase section */
		304B58A110DAC018002A0835 /* Copy www directory */ = {
			isa = PBXShellScriptBuildPhase;
			buildActionMask = 2147483647;
			files = (
			);
			inputPaths = (
			);
			name = "Copy www directory";
			outputPaths = (
			);
			runOnlyForDeploymentPostprocessing = 0;
			shellPath = /bin/sh;
			shellScript = "\"$SRCROOT/PSTA Bus Tracker/Scripts/copy-www-build-step.sh\"";
			showEnvVarsInLog = 0;
		};
/* End PBXShellScriptBuildPhase section */

/* Begin PBXSourcesBuildPhase section */
		1D60588E0D05DD3D006BFB54 /* Sources */ = {
			isa = PBXSourcesBuildPhase;
			buildActionMask = 2147483647;
			files = (
				1D60589B0D05DD56006BFB54 /* main.m in Sources */,
				1D3623260D0F684500981E51 /* AppDelegate.m in Sources */,
				302D95F114D2391D003F00A1 /* MainViewController.m in Sources */,
				18EF62D732484DEE855A0CF4 /* CDVAdMobPlugin.m in Sources */,
				532380BBA73F4E5C8D7DFA30 /* AdMobMediation.m in Sources */,
				C76647C3D0D940E382673ADA /* CDVNotification.m in Sources */,
				5AB7DB0A127A4BD4882D5E50 /* NativeStorage.m in Sources */,
				0C7D5CD2210C49B1A403DCB0 /* CDVAppRate.m in Sources */,
				861119534A5D4C0C80D51027 /* CDVDevice.m in Sources */,
				4133B0469ABB4D61AAECD7C2 /* CDVLocation.m in Sources */,
				84086CB3B74843E586FE707E /* IdfaPlugin.m in Sources */,
				ECB561EA8FF54FCE9C1A67CA /* CDVInAppBrowserOptions.m in Sources */,
				CBBBD1292DDF4F27946B9527 /* CDVInAppBrowserNavigationController.m in Sources */,
				E17AEC5C31B84EA890C9AEB5 /* CDVWKInAppBrowser.m in Sources */,
				B0F04274424347EC9A64575A /* CDVWKInAppBrowserUIDelegate.m in Sources */,
				1877E6590D474D559164A7C8 /* CDVWKWebViewFileXhr.m in Sources */,
			);
			runOnlyForDeploymentPostprocessing = 0;
		};
/* End PBXSourcesBuildPhase section */

/* Begin PBXTargetDependency section */
		301BF551109A68C00062928A /* PBXTargetDependency */ = {
			isa = PBXTargetDependency;
			name = CordovaLib;
			targetProxy = 301BF550109A68C00062928A /* PBXContainerItemProxy */;
		};
/* End PBXTargetDependency section */

/* Begin XCBuildConfiguration section */
		1D6058940D05DD3E006BFB54 /* Debug */ = {
			isa = XCBuildConfiguration;
			baseConfigurationReference = 3047A50F1AB8059700498E2A /* build-debug.xcconfig */;
			buildSettings = {
				ALWAYS_SEARCH_USER_PATHS = NO;
				ASSETCATALOG_COMPILER_APPICON_NAME = AppIcon;
				CLANG_ENABLE_MODULES = YES;
				CLANG_ENABLE_OBJC_ARC = YES;
				COPY_PHASE_STRIP = NO;
				GCC_DYNAMIC_NO_PIC = NO;
				GCC_OPTIMIZATION_LEVEL = 0;
				GCC_PRECOMPILE_PREFIX_HEADER = YES;
				GCC_PREFIX_HEADER = "PSTA Bus Tracker/PSTA Bus Tracker-Prefix.pch";
				GCC_THUMB_SUPPORT = NO;
				GCC_VERSION = "";
				INFOPLIST_FILE = "PSTA Bus Tracker/PSTA Bus Tracker-Info.plist";
				IPHONEOS_DEPLOYMENT_TARGET = 11.0;
				LD_RUNPATH_SEARCH_PATHS = "@executable_path/Frameworks";
				PRODUCT_BUNDLE_IDENTIFIER = com.pinellas.free;
				PRODUCT_NAME = "$(TARGET_NAME)";
				TARGETED_DEVICE_FAMILY = "1,2";
				VALIDATE_WORKSPACE = NO;
				FRAMEWORK_SEARCH_PATHS = (
					"$(inherited)",
					"\"PSTA Bus Tracker/Plugins/cordova-admobsdk\"",
					"\"PSTA Bus Tracker/Plugins/cordova-admobsdk\"",
					"\"PSTA Bus Tracker/Plugins/cordova-admobsdk\"",
					"\"PSTA Bus Tracker/Plugins/cordova-admobsdk\"",
					"\"PSTA Bus Tracker/Plugins/cordova-admobsdk\"",
					"\"PSTA Bus Tracker/Plugins/cordova-admobsdk\"",
					"\"PSTA Bus Tracker/Plugins/cordova-admobsdk\"",
				);
				LIBRARY_SEARCH_PATHS = (
					"$(inherited)",
					"\"$(SRCROOT)/$(TARGET_NAME)/Plugins/cordova-plugin-extension\"",
				);
			};
			name = Debug;
		};
		1D6058950D05DD3E006BFB54 /* Release */ = {
			isa = XCBuildConfiguration;
			baseConfigurationReference = 3047A5101AB8059700498E2A /* build-release.xcconfig */;
			buildSettings = {
				ALWAYS_SEARCH_USER_PATHS = NO;
				ASSETCATALOG_COMPILER_APPICON_NAME = AppIcon;
				CLANG_ENABLE_MODULES = YES;
				CLANG_ENABLE_OBJC_ARC = YES;
				COPY_PHASE_STRIP = YES;
				GCC_PRECOMPILE_PREFIX_HEADER = YES;
				GCC_PREFIX_HEADER = "PSTA Bus Tracker/PSTA Bus Tracker-Prefix.pch";
				GCC_THUMB_SUPPORT = NO;
				GCC_VERSION = "";
				INFOPLIST_FILE = "PSTA Bus Tracker/PSTA Bus Tracker-Info.plist";
				IPHONEOS_DEPLOYMENT_TARGET = 11.0;
				LD_RUNPATH_SEARCH_PATHS = "@executable_path/Frameworks";
				PRODUCT_BUNDLE_IDENTIFIER = com.pinellas.free;
				PRODUCT_NAME = "$(TARGET_NAME)";
				TARGETED_DEVICE_FAMILY = "1,2";
				VALIDATE_WORKSPACE = NO;
				FRAMEWORK_SEARCH_PATHS = (
					"$(inherited)",
					"\"PSTA Bus Tracker/Plugins/cordova-admobsdk\"",
					"\"PSTA Bus Tracker/Plugins/cordova-admobsdk\"",
					"\"PSTA Bus Tracker/Plugins/cordova-admobsdk\"",
					"\"PSTA Bus Tracker/Plugins/cordova-admobsdk\"",
					"\"PSTA Bus Tracker/Plugins/cordova-admobsdk\"",
					"\"PSTA Bus Tracker/Plugins/cordova-admobsdk\"",
					"\"PSTA Bus Tracker/Plugins/cordova-admobsdk\"",
				);
				LIBRARY_SEARCH_PATHS = (
					"$(inherited)",
					"\"$(SRCROOT)/$(TARGET_NAME)/Plugins/cordova-plugin-extension\"",
				);
			};
			name = Release;
		};
		C01FCF4F08A954540054247B /* Debug */ = {
			isa = XCBuildConfiguration;
			baseConfigurationReference = 3047A5111AB8059700498E2A /* build.xcconfig */;
			buildSettings = {
				CLANG_ANALYZER_LOCALIZABILITY_NONLOCALIZED = YES;
				CLANG_ENABLE_MODULES = YES;
				CLANG_ENABLE_OBJC_ARC = YES;
				CLANG_WARN_BLOCK_CAPTURE_AUTORELEASING = YES;
				CLANG_WARN_BOOL_CONVERSION = YES;
				CLANG_WARN_COMMA = YES;
				CLANG_WARN_CONSTANT_CONVERSION = YES;
				CLANG_WARN_DEPRECATED_OBJC_IMPLEMENTATIONS = YES;
				CLANG_WARN_EMPTY_BODY = YES;
				CLANG_WARN_ENUM_CONVERSION = YES;
				CLANG_WARN_INFINITE_RECURSION = YES;
				CLANG_WARN_INT_CONVERSION = YES;
				CLANG_WARN_NON_LITERAL_NULL_CONVERSION = YES;
				CLANG_WARN_OBJC_IMPLICIT_RETAIN_SELF = YES;
				CLANG_WARN_OBJC_LITERAL_CONVERSION = YES;
				CLANG_WARN_RANGE_LOOP_ANALYSIS = YES;
				CLANG_WARN_STRICT_PROTOTYPES = YES;
				CLANG_WARN_SUSPICIOUS_MOVE = YES;
				CLANG_WARN_UNREACHABLE_CODE = YES;
				CLANG_WARN__DUPLICATE_METHOD_MATCH = YES;
				ENABLE_STRICT_OBJC_MSGSEND = YES;
				ENABLE_TESTABILITY = YES;
				GCC_C_LANGUAGE_STANDARD = c99;
				GCC_NO_COMMON_BLOCKS = YES;
				GCC_THUMB_SUPPORT = NO;
				GCC_VERSION = "";
				GCC_WARN_64_TO_32_BIT_CONVERSION = YES;
				GCC_WARN_ABOUT_RETURN_TYPE = YES;
				GCC_WARN_UNDECLARED_SELECTOR = YES;
				GCC_WARN_UNINITIALIZED_AUTOS = YES;
				GCC_WARN_UNUSED_FUNCTION = YES;
				GCC_WARN_UNUSED_VARIABLE = YES;
				ONLY_ACTIVE_ARCH = YES;
				SDKROOT = iphoneos;
				SKIP_INSTALL = NO;
				WK_WEB_VIEW_ONLY = 1;
				TARGETED_DEVICE_FAMILY = "1,2";
			};
			name = Debug;
		};
		C01FCF5008A954540054247B /* Release */ = {
			isa = XCBuildConfiguration;
			baseConfigurationReference = 3047A5111AB8059700498E2A /* build.xcconfig */;
			buildSettings = {
				CLANG_ANALYZER_LOCALIZABILITY_NONLOCALIZED = YES;
				CLANG_ENABLE_MODULES = YES;
				CLANG_ENABLE_OBJC_ARC = YES;
				CLANG_WARN_BLOCK_CAPTURE_AUTORELEASING = YES;
				CLANG_WARN_BOOL_CONVERSION = YES;
				CLANG_WARN_COMMA = YES;
				CLANG_WARN_CONSTANT_CONVERSION = YES;
				CLANG_WARN_DEPRECATED_OBJC_IMPLEMENTATIONS = YES;
				CLANG_WARN_EMPTY_BODY = YES;
				CLANG_WARN_ENUM_CONVERSION = YES;
				CLANG_WARN_INFINITE_RECURSION = YES;
				CLANG_WARN_INT_CONVERSION = YES;
				CLANG_WARN_NON_LITERAL_NULL_CONVERSION = YES;
				CLANG_WARN_OBJC_IMPLICIT_RETAIN_SELF = YES;
				CLANG_WARN_OBJC_LITERAL_CONVERSION = YES;
				CLANG_WARN_RANGE_LOOP_ANALYSIS = YES;
				CLANG_WARN_STRICT_PROTOTYPES = YES;
				CLANG_WARN_SUSPICIOUS_MOVE = YES;
				CLANG_WARN_UNREACHABLE_CODE = YES;
				CLANG_WARN__DUPLICATE_METHOD_MATCH = YES;
				ENABLE_STRICT_OBJC_MSGSEND = YES;
				GCC_C_LANGUAGE_STANDARD = c99;
				GCC_NO_COMMON_BLOCKS = YES;
				GCC_THUMB_SUPPORT = NO;
				GCC_VERSION = "";
				GCC_WARN_64_TO_32_BIT_CONVERSION = YES;
				GCC_WARN_ABOUT_RETURN_TYPE = YES;
				GCC_WARN_UNDECLARED_SELECTOR = YES;
				GCC_WARN_UNINITIALIZED_AUTOS = YES;
				GCC_WARN_UNUSED_FUNCTION = YES;
				GCC_WARN_UNUSED_VARIABLE = YES;
				SDKROOT = iphoneos;
				SKIP_INSTALL = NO;
				WK_WEB_VIEW_ONLY = 1;
				TARGETED_DEVICE_FAMILY = "1,2";
			};
			name = Release;
		};
/* End XCBuildConfiguration section */

/* Begin XCConfigurationList section */
		1D6058960D05DD3E006BFB54 /* Build configuration list for PBXNativeTarget "PSTA Bus Tracker" */ = {
			isa = XCConfigurationList;
			buildConfigurations = (
				1D6058940D05DD3E006BFB54 /* Debug */,
				1D6058950D05DD3E006BFB54 /* Release */,
			);
			defaultConfigurationIsVisible = 0;
			defaultConfigurationName = Release;
		};
		C01FCF4E08A954540054247B /* Build configuration list for PBXProject "PSTA Bus Tracker" */ = {
			isa = XCConfigurationList;
			buildConfigurations = (
				C01FCF4F08A954540054247B /* Debug */,
				C01FCF5008A954540054247B /* Release */,
			);
			defaultConfigurationIsVisible = 0;
			defaultConfigurationName = Release;
		};
/* End XCConfigurationList section */
	};
	rootObject = 29B97313FDCFA39411CA2CEA /* Project object */;
}
